
Microsoft Visual Studio Solution File, Format Version 12.00
# Visual Studio Version 16
VisualStudioVersion = 16.0.30517.126
MinimumVisualStudioVersion = 10.0.40219.1
Project("{9A19103F-16F7-4668-BE54-9A1E7A4F7556}") = "DatingApp.API", "DatingApp.API.csproj", "{D4FD7E52-B600-4FB8-B053-B9101D6853FC}"
EndProject
Project("{E24C65DC-7377-472B-9ABA-BC803B73C61A}") = "DatingApp-SPA", "..\DatingApp-SPA\", "{A4DD5CB5-284E-40C8-8686-7B36BC48BB19}"
	ProjectSection(WebsiteProperties) = preProject
		TargetFrameworkMoniker = ".NETFramework,Version%3Dv4.0"
		Debug.AspNetCompiler.VirtualPath = "/localhost_35465"
		Debug.AspNetCompiler.PhysicalPath = "..\DatingApp-SPA\"
		Debug.AspNetCompiler.TargetPath = "PrecompiledWeb\localhost_35465\"
		Debug.AspNetCompiler.Updateable = "true"
		Debug.AspNetCompiler.ForceOverwrite = "true"
		Debug.AspNetCompiler.FixedNames = "false"
		Debug.AspNetCompiler.Debug = "True"
		Release.AspNetCompiler.VirtualPath = "/localhost_35465"
		Release.AspNetCompiler.PhysicalPath = "..\DatingApp-SPA\"
		Release.AspNetCompiler.TargetPath = "PrecompiledWeb\localhost_35465\"
		Release.AspNetCompiler.Updateable = "true"
		Release.AspNetCompiler.ForceOverwrite = "true"
		Release.AspNetCompiler.FixedNames = "false"
		Release.AspNetCompiler.Debug = "False"
		VWDPort = "35465"
		SlnRelativePath = "..\DatingApp-SPA\"
	EndProjectSection
EndProject
Global
	GlobalSection(SolutionConfigurationPlatforms) = preSolution
		Debug|Any CPU = Debug|Any CPU
		Release|Any CPU = Release|Any CPU
	EndGlobalSection
	GlobalSection(ProjectConfigurationPlatforms) = postSolution
		{D4FD7E52-B600-4FB8-B053-B9101D6853FC}.Debug|Any CPU.ActiveCfg = Debug|Any CPU
		{D4FD7E52-B600-4FB8-B053-B9101D6853FC}.Debug|Any CPU.Build.0 = Debug|Any CPU
		{D4FD7E52-B600-4FB8-B053-B9101D6853FC}.Release|Any CPU.ActiveCfg = Release|Any CPU
		{D4FD7E52-B600-4FB8-B053-B9101D6853FC}.Release|Any CPU.Build.0 = Release|Any CPU
		{A4DD5CB5-284E-40C8-8686-7B36BC48BB19}.Debug|Any CPU.ActiveCfg = Debug|Any CPU
		{A4DD5CB5-284E-40C8-8686-7B36BC48BB19}.Debug|Any CPU.Build.0 = Debug|Any CPU
		{A4DD5CB5-284E-40C8-8686-7B36BC48BB19}.Release|Any CPU.ActiveCfg = Debug|Any CPU
		{A4DD5CB5-284E-40C8-8686-7B36BC48BB19}.Release|Any CPU.Build.0 = Debug|Any CPU
	EndGlobalSection
	GlobalSection(SolutionProperties) = preSolution
		HideSolutionNode = FALSE
	EndGlobalSection
	GlobalSection(ExtensibilityGlobals) = postSolution
		SolutionGuid = {96099F06-0C36-4A40-B97A-E1538D63B228}
	EndGlobalSection
EndGlobal
